<?xml version="1.0" encoding="utf-8"?>
<Project ToolsVersion="4.0" xmlns="http://schemas.microsoft.com/developer/msbuild/2003">
  <ItemGroup>
    <ClCompile Include="DllMain.cpp" />
    <ClCompile Include="Memory\VehicleExtensions.cpp">
      <Filter>Memory</Filter>
    </ClCompile>
    <ClCompile Include="Memory\NativeMemory.cpp">
      <Filter>Memory</Filter>
    </ClCompile>
    <ClCompile Include="Util\Logger.cpp">
      <Filter>Util</Filter>
    </ClCompile>
    <ClCompile Include="Util\FileVersion.cpp">
      <Filter>Util</Filter>
    </ClCompile>
    <ClCompile Include="Util\Paths.cpp">
      <Filter>Util</Filter>
    </ClCompile>
    <ClCompile Include="ScriptSettings.cpp" />
    <ClCompile Include="Util\String.cpp">
      <Filter>Util</Filter>
    </ClCompile>
    <ClCompile Include="..\thirdparty\GTAVMenuBase\menukeyboard.cpp">
      <Filter>ThirdParty\Menu</Filter>
    </ClCompile>
    <ClCompile Include="..\thirdparty\GTAVMenuBase\menumemutils.cpp">
      <Filter>ThirdParty\Menu</Filter>
    </ClCompile>
    <ClCompile Include="..\thirdparty\GTAVMenuBase\menusettings.cpp">
      <Filter>ThirdParty\Menu</Filter>
    </ClCompile>
    <ClCompile Include="..\thirdparty\GTAVMenuBase\menuutils.cpp">
      <Filter>ThirdParty\Menu</Filter>
    </ClCompile>
    <ClCompile Include="..\thirdparty\GTAVMenuBase\menu.cpp">
      <Filter>ThirdParty\Menu</Filter>
    </ClCompile>
    <ClCompile Include="..\thirdparty\GTAVMenuBase\menucontrols.cpp">
      <Filter>ThirdParty\Menu</Filter>
    </ClCompile>
    <ClCompile Include="..\thirdparty\fmt\src\format.cc">
      <Filter>ThirdParty\fmt</Filter>
    </ClCompile>
    <ClCompile Include="Util\UI.cpp">
      <Filter>Util</Filter>
    </ClCompile>
    <ClCompile Include="Script.cpp" />
    <ClCompile Include="Compatibility.cpp">
      <Filter>Compatibility</Filter>
    </ClCompile>
    <ClCompile Include="ReplayData.cpp" />
    <ClCompile Include="ReplayScript.cpp" />
    <ClCompile Include="ReplayMenu.cpp" />
    <ClCompile Include="VehicleMod.cpp" />
    <ClCompile Include="ScriptMenuUtils.cpp">
      <Filter>Menu %28Generic%29</Filter>
    </ClCompile>
    <ClCompile Include="TrackData.cpp" />
    <ClCompile Include="ReplayScriptUtils.cpp" />
    <ClCompile Include="SettingsCommon.cpp" />
    <ClCompile Include="Image.cpp" />
    <ClCompile Include="..\thirdparty\jpegsize\jpegsize.cpp">
      <Filter>ThirdParty\jpegsize</Filter>
    </ClCompile>
    <ClCompile Include="..\thirdparty\pugixml\src\pugixml.cpp">
      <Filter>ThirdParty\pugixml</Filter>
    </ClCompile>
    <ClCompile Include="TrackDataARS.cpp" />
    <ClCompile Include="Util\Inputs.cpp">
      <Filter>Util</Filter>
    </ClCompile>
    <ClCompile Include="Blip.cpp" />
    <ClCompile Include="ReplayVehicle.cpp" />
    <ClCompile Include="..\thirdparty\minhook\src\buffer.c">
      <Filter>ThirdParty\minhook</Filter>
    </ClCompile>
    <ClCompile Include="..\thirdparty\minhook\src\hook.c">
      <Filter>ThirdParty\minhook</Filter>
    </ClCompile>
    <ClCompile Include="..\thirdparty\minhook\src\trampoline.c">
      <Filter>ThirdParty\minhook</Filter>
    </ClCompile>
    <ClCompile Include="..\thirdparty\minhook\src\hde\hde32.c">
      <Filter>ThirdParty\minhook\hde</Filter>
    </ClCompile>
    <ClCompile Include="..\thirdparty\minhook\src\hde\hde64.c">
      <Filter>ThirdParty\minhook\hde</Filter>
    </ClCompile>
    <ClCompile Include="Util\Game.cpp">
      <Filter>Util</Filter>
    </ClCompile>
  </ItemGroup>
  <ItemGroup>
    <Filter Include="Util">
      <UniqueIdentifier>{bdd0f1cc-7b41-489b-babc-2a261f5d2fd5}</UniqueIdentifier>
    </Filter>
    <Filter Include="Memory">
      <UniqueIdentifier>{e138ef42-d8b3-4af0-bdc2-d558c48cd342}</UniqueIdentifier>
    </Filter>
    <Filter Include="ThirdParty">
      <UniqueIdentifier>{b73ea016-c0e1-4b40-b6bb-5465398c7704}</UniqueIdentifier>
    </Filter>
    <Filter Include="ThirdParty\Menu">
      <UniqueIdentifier>{c8b2b130-a6aa-456a-b13e-953b855d0cbd}</UniqueIdentifier>
    </Filter>
    <Filter Include="ThirdParty\fmt">
      <UniqueIdentifier>{553a292e-ab0e-42df-8194-0697cb1e9ac3}</UniqueIdentifier>
    </Filter>
    <Filter Include="Compatibility">
      <UniqueIdentifier>{99b8860a-eccb-462b-aba5-c6127d3ec17d}</UniqueIdentifier>
    </Filter>
    <Filter Include="Menu %28Generic%29">
      <UniqueIdentifier>{a63f42e5-fef3-4537-a62b-1ead2e96c87a}</UniqueIdentifier>
    </Filter>
    <Filter Include="ThirdParty\jpegsize">
      <UniqueIdentifier>{cbe1c59b-26ff-481e-9d42-12ce1323a4b2}</UniqueIdentifier>
    </Filter>
    <Filter Include="ThirdParty\pugixml">
      <UniqueIdentifier>{8b5dd6f0-a80c-4ac2-9d1a-f6f1ebc4e91b}</UniqueIdentifier>
    </Filter>
    <Filter Include="ThirdParty\minhook">
      <UniqueIdentifier>{44ddc16e-1b40-4670-9c4f-30e613578f68}</UniqueIdentifier>
    </Filter>
    <Filter Include="ThirdParty\minhook\hde">
      <UniqueIdentifier>{defe9789-076a-4527-88ef-687d6b58850f}</UniqueIdentifier>
    </Filter>
  </ItemGroup>
  <ItemGroup>
    <ClInclude Include="Memory\NativeMemory.hpp">
      <Filter>Memory</Filter>
    </ClInclude>
    <ClInclude Include="Memory\VehicleExtensions.hpp">
      <Filter>Memory</Filter>
    </ClInclude>
    <ClInclude Include="Constants.hpp" />
    <ClInclude Include="Memory\Offsets.hpp">
      <Filter>Memory</Filter>
    </ClInclude>
    <ClInclude Include="Memory\Versions.hpp">
      <Filter>Memory</Filter>
    </ClInclude>
    <ClInclude Include="Util\Logger.hpp">
      <Filter>Util</Filter>
    </ClInclude>
    <ClInclude Include="Util\FileVersion.hpp">
      <Filter>Util</Filter>
    </ClInclude>
    <ClInclude Include="Util\Paths.hpp">
      <Filter>Util</Filter>
    </ClInclude>
    <ClInclude Include="ScriptSettings.hpp" />
    <ClInclude Include="Util\Math.hpp">
      <Filter>Util</Filter>
    </ClInclude>
    <ClInclude Include="Util\Game.hpp">
      <Filter>Util</Filter>
    </ClInclude>
    <ClInclude Include="Util\String.hpp">
      <Filter>Util</Filter>
    </ClInclude>
    <ClInclude Include="..\thirdparty\GTAVMenuBase\menukeyboard.h">
      <Filter>ThirdParty\Menu</Filter>
    </ClInclude>
    <ClInclude Include="..\thirdparty\GTAVMenuBase\menumemutils.hpp">
      <Filter>ThirdParty\Menu</Filter>
    </ClInclude>
    <ClInclude Include="..\thirdparty\GTAVMenuBase\menusettings.h">
      <Filter>ThirdParty\Menu</Filter>
    </ClInclude>
    <ClInclude Include="..\thirdparty\GTAVMenuBase\menuutils.h">
      <Filter>ThirdParty\Menu</Filter>
    </ClInclude>
    <ClInclude Include="..\thirdparty\GTAVMenuBase\menu.h">
      <Filter>ThirdParty\Menu</Filter>
    </ClInclude>
    <ClInclude Include="..\thirdparty\GTAVMenuBase\menucontrols.h">
      <Filter>ThirdParty\Menu</Filter>
    </ClInclude>
    <ClInclude Include="Util\UI.hpp">
      <Filter>Util</Filter>
    </ClInclude>
    <ClInclude Include="Script.hpp" />
    <ClInclude Include="Compatibility.h">
      <Filter>Compatibility</Filter>
    </ClInclude>
    <ClInclude Include="ReplayData.hpp" />
    <ClInclude Include="ReplayScript.hpp" />
    <ClInclude Include="VehicleMod.h" />
    <ClInclude Include="ScriptMenu.hpp">
      <Filter>Menu %28Generic%29</Filter>
    </ClInclude>
    <ClInclude Include="ScriptMenuUtils.h">
      <Filter>Menu %28Generic%29</Filter>
    </ClInclude>
    <ClInclude Include="TrackData.hpp" />
    <ClInclude Include="ReplayScriptUtils.hpp" />
    <ClInclude Include="SettingsCommon.h" />
    <ClInclude Include="Image.hpp" />
    <ClInclude Include="..\thirdparty\jpegsize\jpegsize.h">
      <Filter>ThirdParty\jpegsize</Filter>
    </ClInclude>
    <ClInclude Include="..\thirdparty\pugixml\src\pugixml.hpp">
      <Filter>ThirdParty\pugixml</Filter>
    </ClInclude>
    <ClInclude Include="..\thirdparty\pugixml\src\pugiconfig.hpp">
      <Filter>ThirdParty\pugixml</Filter>
    </ClInclude>
    <ClInclude Include="Util\Inputs.hpp">
      <Filter>Util</Filter>
    </ClInclude>
    <ClInclude Include="Blip.hpp" />
    <ClInclude Include="ReplayVehicle.hpp" />
    <ClInclude Include="Util\Misc.hpp">
      <Filter>Util</Filter>
    </ClInclude>
    <ClInclude Include="..\thirdparty\minhook\src\buffer.h">
      <Filter>ThirdParty\minhook</Filter>
    </ClInclude>
    <ClInclude Include="..\thirdparty\minhook\src\trampoline.h">
      <Filter>ThirdParty\minhook</Filter>
    </ClInclude>
    <ClInclude Include="..\thirdparty\minhook\src\hde\hde32.h">
      <Filter>ThirdParty\minhook\hde</Filter>
    </ClInclude>
    <ClInclude Include="..\thirdparty\minhook\src\hde\hde64.h">
      <Filter>ThirdParty\minhook\hde</Filter>
    </ClInclude>
    <ClInclude Include="..\thirdparty\minhook\src\hde\pstdint.h">
      <Filter>ThirdParty\minhook\hde</Filter>
    </ClInclude>
    <ClInclude Include="..\thirdparty\minhook\src\hde\table32.h">
      <Filter>ThirdParty\minhook\hde</Filter>
    </ClInclude>
    <ClInclude Include="..\thirdparty\minhook\src\hde\table64.h">
      <Filter>ThirdParty\minhook\hde</Filter>
    </ClInclude>
  </ItemGroup>
</Project>